
Microsoft Visual Studio Solution File, Format Version 12.00
# Visual Studio Version 16
VisualStudioVersion = 16.0.31112.23
MinimumVisualStudioVersion = 10.0.40219.1
Project("{FAE04EC0-301F-11D3-BF4B-00C04F79EFBC}") = "Digital Canvas", "Digital Canvas\Digital Canvas.csproj", "{7B03DE23-4220-4FD4-916C-CBF4BD6E2C59}"
EndProject
Global
	GlobalSection(SolutionConfigurationPlatforms) = preSolution
		Debug|Any CPU = Debug|Any CPU
		Release|Any CPU = Release|Any CPU
	EndGlobalSection
	GlobalSection(ProjectConfigurationPlatforms) = postSolution
		{7B03DE23-4220-4FD4-916C-CBF4BD6E2C59}.Debug|Any CPU.ActiveCfg = Debug|Any CPU
		{7B03DE23-4220-4FD4-916C-CBF4BD6E2C59}.Debug|Any CPU.Build.0 = Debug|Any CPU
		{7B03DE23-4220-4FD4-916C-CBF4BD6E2C59}.Release|Any CPU.ActiveCfg = Release|Any CPU
		{7B03DE23-4220-4FD4-916C-CBF4BD6E2C59}.Release|Any CPU.Build.0 = Release|Any CPU
	EndGlobalSection
	GlobalSection(SolutionProperties) = preSolution
		HideSolutionNode = FALSE
	EndGlobalSection
	GlobalSection(ExtensibilityGlobals) = postSolution
		SolutionGuid = {494A525E-8C6A-42AD-9133-FF46E4B27B44}
	EndGlobalSection
EndGlobal
